Microsoft Visual Studio Solution File, Format Version 12.00
# Visual Studio Version 17
VisualStudioVersion = 17.5.2.0
MinimumVisualStudioVersion = 10.0.40219.1
Project("{FAE04EC0-301F-11D3-BF4B-00C04F79EFBC}") = "Introductions_To_Data_Structures_&_Algorithms", "Introductions_To_Data_Structures_&_Algorithms\Introductions_To_Data_Structures_&_Algorithms.csproj", "{6A919C4A-2B1E-2565-3710-54CE6A38E699}"
EndProject
Global
	GlobalSection(SolutionConfigurationPlatforms) = preSolution
		Debug|Any CPU = Debug|Any CPU
		Release|Any CPU = Release|Any CPU
	EndGlobalSection
	GlobalSection(ProjectConfigurationPlatforms) = postSolution
		{6A919C4A-2B1E-2565-3710-54CE6A38E699}.Debug|Any CPU.ActiveCfg = Debug|Any CPU
		{6A919C4A-2B1E-2565-3710-54CE6A38E699}.Debug|Any CPU.Build.0 = Debug|Any CPU
		{6A919C4A-2B1E-2565-3710-54CE6A38E699}.Release|Any CPU.ActiveCfg = Release|Any CPU
		{6A919C4A-2B1E-2565-3710-54CE6A38E699}.Release|Any CPU.Build.0 = Release|Any CPU
	EndGlobalSection
	GlobalSection(SolutionProperties) = preSolution
		HideSolutionNode = FALSE
	EndGlobalSection
	GlobalSection(ExtensibilityGlobals) = postSolution
		SolutionGuid = {E06EEF49-2955-4192-AD99-075F9F3CD570}
	EndGlobalSection
EndGlobal
